
Microsoft Visual Studio Solution File, Format Version 12.00
# Visual Studio Version 17
VisualStudioVersion = 17.4.33122.133
MinimumVisualStudioVersion = 10.0.40219.1
Project("{FAE04EC0-301F-11D3-BF4B-00C04F79EFBC}") = "WebRetoTecnico", "WebRetoTecnico\WebRetoTecnico.csproj", "{94D40891-8A39-429E-A85C-FF6A6A5C4B77}"
EndProject
Global
	GlobalSection(SolutionConfigurationPlatforms) = preSolution
		Debug|Any CPU = Debug|Any CPU
		Release|Any CPU = Release|Any CPU
	EndGlobalSection
	GlobalSection(ProjectConfigurationPlatforms) = postSolution
		{94D40891-8A39-429E-A85C-FF6A6A5C4B77}.Debug|Any CPU.ActiveCfg = Debug|Any CPU
		{94D40891-8A39-429E-A85C-FF6A6A5C4B77}.Debug|Any CPU.Build.0 = Debug|Any CPU
		{94D40891-8A39-429E-A85C-FF6A6A5C4B77}.Release|Any CPU.ActiveCfg = Release|Any CPU
		{94D40891-8A39-429E-A85C-FF6A6A5C4B77}.Release|Any CPU.Build.0 = Release|Any CPU
	EndGlobalSection
	GlobalSection(SolutionProperties) = preSolution
		HideSolutionNode = FALSE
	EndGlobalSection
	GlobalSection(ExtensibilityGlobals) = postSolution
		SolutionGuid = {6C253803-52A4-4BD6-BC26-FF9039037817}
	EndGlobalSection
EndGlobal
